{
  "name": "pkg_test",
  "lockfileVersion": 3,
  "requires": true,
  "packages": {
    "": {
      "dependencies": {
        "ps4-pkg-info": "^1.0.1"
      }
    },
    "node_modules/fs-readstream-seek": {
      "version": "1.1.1",
      "resolved": "https://registry.npmjs.org/fs-readstream-seek/-/fs-readstream-seek-1.1.1.tgz",
      "integrity": "sha512-I5PfvCAYsEjvdokIHfT2I6giV/QsBVEEdyL0iQUHBwK5cVT1U+ccTL5I+bQ5HXjcl6TMW93EiGSeMhZmot7kCA==",
      "license": "ISC"
    },
    "node_modules/long": {
      "version": "4.0.0",
      "resolved": "https://registry.npmjs.org/long/-/long-4.0.0.tgz",
      "integrity": "sha512-XsP+KhQif4bjX1kbuSiySJFNAehNxgLb6hPRGJ9QsUr8ajHkuXGdrHmFUTUUXhDwVX2R5bY4JNZEwbUiMhV+MA==",
      "license": "Apache-2.0"
    },
    "node_modules/ps4-pkg-info": {
      "version": "1.0.1",
      "resolved": "https://registry.npmjs.org/ps4-pkg-info/-/ps4-pkg-info-1.0.1.tgz",
      "integrity": "sha512-vJtMZPiPhbyWX4FFqGUDzannyMkWssMqdCHU5/arpaabxviEhySp3RZLpwgXVX1p+o/KoWtHcJy2AVDXKXXzpA==",
      "license": "MIT",
      "dependencies": {
        "fs-readstream-seek": "^1.1.1",
        "python-struct": "^1.1.2"
      }
    },
    "node_modules/python-struct": {
      "version": "1.1.3",
      "resolved": "https://registry.npmjs.org/python-struct/-/python-struct-1.1.3.tgz",
      "integrity": "sha512-UsI/mNvk25jRpGKYI38Nfbv84z48oiIWwG67DLVvjRhy8B/0aIK+5Ju5WOHgw/o9rnEmbAS00v4rgKFQeC332Q==",
      "license": "MIT",
      "dependencies": {
        "long": "^4.0.0"
      }
    }
  }
}
